
Microsoft Visual Studio Solution File, Format Version 12.00
# Visual Studio 15
VisualStudioVersion = 15.0.27428.2037
MinimumVisualStudioVersion = 10.0.40219.1
Project("{FAE04EC0-301F-11D3-BF4B-00C04F79EFBC}") = "CSCAsg1Task6_Stripe_AlternateSolution", "CSCAsg1Task6_Stripe_AlternateSolution\CSCAsg1Task6_Stripe_AlternateSolution.csproj", "{9CEE3CA2-0D5C-48CB-B48D-58E10F4AA32F}"
EndProject
Global
	GlobalSection(SolutionConfigurationPlatforms) = preSolution
		Debug|Any CPU = Debug|Any CPU
		Release|Any CPU = Release|Any CPU
	EndGlobalSection
	GlobalSection(ProjectConfigurationPlatforms) = postSolution
		{9CEE3CA2-0D5C-48CB-B48D-58E10F4AA32F}.Debug|Any CPU.ActiveCfg = Debug|Any CPU
		{9CEE3CA2-0D5C-48CB-B48D-58E10F4AA32F}.Debug|Any CPU.Build.0 = Debug|Any CPU
		{9CEE3CA2-0D5C-48CB-B48D-58E10F4AA32F}.Release|Any CPU.ActiveCfg = Release|Any CPU
		{9CEE3CA2-0D5C-48CB-B48D-58E10F4AA32F}.Release|Any CPU.Build.0 = Release|Any CPU
	EndGlobalSection
	GlobalSection(SolutionProperties) = preSolution
		HideSolutionNode = FALSE
	EndGlobalSection
	GlobalSection(ExtensibilityGlobals) = postSolution
		SolutionGuid = {DFC21533-31F1-4E86-8A85-C33E36F1E8BA}
	EndGlobalSection
EndGlobal
